
Microsoft Visual Studio Solution File, Format Version 12.00
# Visual Studio Version 17
VisualStudioVersion = 17.5.33502.453
MinimumVisualStudioVersion = 10.0.40219.1
Project("{FAE04EC0-301F-11D3-BF4B-00C04F79EFBC}") = "p18PetrolSistemi", "p18PetrolSistemi\p18PetrolSistemi.csproj", "{9DBD6E04-F58C-42B3-9DD0-26D410D5C938}"
EndProject
Global
	GlobalSection(SolutionConfigurationPlatforms) = preSolution
		Debug|Any CPU = Debug|Any CPU
		Release|Any CPU = Release|Any CPU
	EndGlobalSection
	GlobalSection(ProjectConfigurationPlatforms) = postSolution
		{9DBD6E04-F58C-42B3-9DD0-26D410D5C938}.Debug|Any CPU.ActiveCfg = Debug|Any CPU
		{9DBD6E04-F58C-42B3-9DD0-26D410D5C938}.Debug|Any CPU.Build.0 = Debug|Any CPU
		{9DBD6E04-F58C-42B3-9DD0-26D410D5C938}.Release|Any CPU.ActiveCfg = Release|Any CPU
		{9DBD6E04-F58C-42B3-9DD0-26D410D5C938}.Release|Any CPU.Build.0 = Release|Any CPU
	EndGlobalSection
	GlobalSection(SolutionProperties) = preSolution
		HideSolutionNode = FALSE
	EndGlobalSection
	GlobalSection(ExtensibilityGlobals) = postSolution
		SolutionGuid = {B7F8A6B6-4C12-4F9B-8D3F-B8F59C3A9432}
	EndGlobalSection
EndGlobal
